
Microsoft Visual Studio Solution File, Format Version 11.00
# Visual Studio 2010
Project("{FAE04EC0-301F-11D3-BF4B-00C04F79EFBC}") = "Assembly-CSharp-firstpass", "Assembly-CSharp-firstpass.csproj", "{26270111-5564-7777-1c91-c9f26cf57276}"
EndProject
Project("{FAE04EC0-301F-11D3-BF4B-00C04F79EFBC}") = "Assembly-CSharp", "Assembly-CSharp.csproj", "{b001707d-7d3c-6e8e-aab9-328a96763372}"
EndProject
Project("{FAE04EC0-301F-11D3-BF4B-00C04F79EFBC}") = "Assembly-CSharp-Editor-firstpass", "Assembly-CSharp-Editor-firstpass.csproj", "{c3400049-c1e7-9cf0-3080-da8f655bf09b}"
EndProject
Global
	GlobalSection(SolutionConfigurationPlatforms) = preSolution
		Debug|Any CPU = Debug|Any CPU
	EndGlobalSection
	GlobalSection(ProjectConfigurationPlatforms) = postSolution
		{26270111-5564-7777-1c91-c9f26cf57276}.Debug|Any CPU.ActiveCfg = Debug|Any CPU
		{26270111-5564-7777-1c91-c9f26cf57276}.Debug|Any CPU.Build.0 = Debug|Any CPU
		{b001707d-7d3c-6e8e-aab9-328a96763372}.Debug|Any CPU.ActiveCfg = Debug|Any CPU
		{b001707d-7d3c-6e8e-aab9-328a96763372}.Debug|Any CPU.Build.0 = Debug|Any CPU
		{c3400049-c1e7-9cf0-3080-da8f655bf09b}.Debug|Any CPU.ActiveCfg = Debug|Any CPU
		{c3400049-c1e7-9cf0-3080-da8f655bf09b}.Debug|Any CPU.Build.0 = Debug|Any CPU
	EndGlobalSection
	GlobalSection(SolutionProperties) = preSolution
		HideSolutionNode = FALSE
	EndGlobalSection
EndGlobal
